
Microsoft Visual Studio Solution File, Format Version 12.00
# Visual Studio Version 17
VisualStudioVersion = 17.14.36212.18 d17.14
MinimumVisualStudioVersion = 10.0.40219.1
Project("{FAE04EC0-301F-11D3-BF4B-00C04F79EFBC}") = "fta-management-api", "fta-management-api\fta-management-api.csproj", "{D4A4FDA1-391C-4D76-81B3-FD6C10260072}"
EndProject
Global
	GlobalSection(SolutionConfigurationPlatforms) = preSolution
		Debug|Any CPU = Debug|Any CPU
		Release|Any CPU = Release|Any CPU
	EndGlobalSection
	GlobalSection(ProjectConfigurationPlatforms) = postSolution
		{D4A4FDA1-391C-4D76-81B3-FD6C10260072}.Debug|Any CPU.ActiveCfg = Debug|Any CPU
		{D4A4FDA1-391C-4D76-81B3-FD6C10260072}.Debug|Any CPU.Build.0 = Debug|Any CPU
		{D4A4FDA1-391C-4D76-81B3-FD6C10260072}.Release|Any CPU.ActiveCfg = Release|Any CPU
		{D4A4FDA1-391C-4D76-81B3-FD6C10260072}.Release|Any CPU.Build.0 = Release|Any CPU
	EndGlobalSection
	GlobalSection(SolutionProperties) = preSolution
		HideSolutionNode = FALSE
	EndGlobalSection
	GlobalSection(ExtensibilityGlobals) = postSolution
		SolutionGuid = {FE7847D9-7619-47FF-8BC2-C69F62CD023C}
	EndGlobalSection
EndGlobal
